
Microsoft Visual Studio Solution File, Format Version 12.00
# Visual Studio Version 17
VisualStudioVersion = 17.2.32505.173
MinimumVisualStudioVersion = 10.0.40219.1
Project("{FAE04EC0-301F-11D3-BF4B-00C04F79EFBC}") = "QR2Web.Droid", "QR2Web\QR2Web.Droid\QR2Web.Droid.csproj", "{A66D0700-97BB-4541-B317-D481B9EFD233}"
EndProject
Project("{FAE04EC0-301F-11D3-BF4B-00C04F79EFBC}") = "QR2Web.iOS", "QR2Web\QR2Web.iOS\QR2Web.iOS.csproj", "{C3426058-D4E9-4411-8420-3A8952CC5956}"
EndProject
Project("{FAE04EC0-301F-11D3-BF4B-00C04F79EFBC}") = "QR2Web.UWP", "QR2Web\QR2Web.UWP\QR2Web.UWP.csproj", "{2D820A3C-DFF9-42D2-B555-204AF6F3F9D7}"
EndProject
Project("{D954291E-2A0B-460D-934E-DC6B0785DB48}") = "QR2Web", "QR2Web\QR2Web\QR2Web.shproj", "{48DC103C-5D34-4AA4-9936-504FFC87DAC8}"
EndProject
Global
	GlobalSection(SolutionConfigurationPlatforms) = preSolution
		Ad-Hoc|Any CPU = Ad-Hoc|Any CPU
		Ad-Hoc|ARM = Ad-Hoc|ARM
		Ad-Hoc|iPhone = Ad-Hoc|iPhone
		Ad-Hoc|iPhoneSimulator = Ad-Hoc|iPhoneSimulator
		Ad-Hoc|x64 = Ad-Hoc|x64
		Ad-Hoc|x86 = Ad-Hoc|x86
		AppStore|Any CPU = AppStore|Any CPU
		AppStore|ARM = AppStore|ARM
		AppStore|iPhone = AppStore|iPhone
		AppStore|iPhoneSimulator = AppStore|iPhoneSimulator
		AppStore|x64 = AppStore|x64
		AppStore|x86 = AppStore|x86
		Debug|Any CPU = Debug|Any CPU
		Debug|ARM = Debug|ARM
		Debug|iPhone = Debug|iPhone
		Debug|iPhoneSimulator = Debug|iPhoneSimulator
		Debug|x64 = Debug|x64
		Debug|x86 = Debug|x86
		Release|Any CPU = Release|Any CPU
		Release|ARM = Release|ARM
		Release|iPhone = Release|iPhone
		Release|iPhoneSimulator = Release|iPhoneSimulator
		Release|x64 = Release|x64
		Release|x86 = Release|x86
	EndGlobalSection
	GlobalSection(ProjectConfigurationPlatforms) = postSolution
		{A66D0700-97BB-4541-B317-D481B9EFD233}.Ad-Hoc|Any CPU.ActiveCfg = Release|Any CPU
		{A66D0700-97BB-4541-B317-D481B9EFD233}.Ad-Hoc|Any CPU.Build.0 = Release|Any CPU
		{A66D0700-97BB-4541-B317-D481B9EFD233}.Ad-Hoc|Any CPU.Deploy.0 = Release|Any CPU
		{A66D0700-97BB-4541-B317-D481B9EFD233}.Ad-Hoc|ARM.ActiveCfg = Release|Any CPU
		{A66D0700-97BB-4541-B317-D481B9EFD233}.Ad-Hoc|ARM.Build.0 = Release|Any CPU
		{A66D0700-97BB-4541-B317-D481B9EFD233}.Ad-Hoc|ARM.Deploy.0 = Release|Any CPU
		{A66D0700-97BB-4541-B317-D481B9EFD233}.Ad-Hoc|iPhone.ActiveCfg = Release|Any CPU
		{A66D0700-97BB-4541-B317-D481B9EFD233}.Ad-Hoc|iPhone.Build.0 = Release|Any CPU
		{A66D0700-97BB-4541-B317-D481B9EFD233}.Ad-Hoc|iPhone.Deploy.0 = Release|Any CPU
		{A66D0700-97BB-4541-B317-D481B9EFD233}.Ad-Hoc|iPhoneSimulator.ActiveCfg = Release|Any CPU
		{A66D0700-97BB-4541-B317-D481B9EFD233}.Ad-Hoc|iPhoneSimulator.Build.0 = Release|Any CPU
		{A66D0700-97BB-4541-B317-D481B9EFD233}.Ad-Hoc|iPhoneSimulator.Deploy.0 = Release|Any CPU
		{A66D0700-97BB-4541-B317-D481B9EFD233}.Ad-Hoc|x64.ActiveCfg = Release|Any CPU
		{A66D0700-97BB-4541-B317-D481B9EFD233}.Ad-Hoc|x64.Build.0 = Release|Any CPU
		{A66D0700-97BB-4541-B317-D481B9EFD233}.Ad-Hoc|x64.Deploy.0 = Release|Any CPU
		{A66D0700-97BB-4541-B317-D481B9EFD233}.Ad-Hoc|x86.ActiveCfg = Release|Any CPU
		{A66D0700-97BB-4541-B317-D481B9EFD233}.Ad-Hoc|x86.Build.0 = Release|Any CPU
		{A66D0700-97BB-4541-B317-D481B9EFD233}.Ad-Hoc|x86.Deploy.0 = Release|Any CPU
		{A66D0700-97BB-4541-B317-D481B9EFD233}.AppStore|Any CPU.ActiveCfg = Release|Any CPU
		{A66D0700-97BB-4541-B317-D481B9EFD233}.AppStore|Any CPU.Build.0 = Release|Any CPU
		{A66D0700-97BB-4541-B317-D481B9EFD233}.AppStore|Any CPU.Deploy.0 = Release|Any CPU
		{A66D0700-97BB-4541-B317-D481B9EFD233}.AppStore|ARM.ActiveCfg = Release|Any CPU
		{A66D0700-97BB-4541-B317-D481B9EFD233}.AppStore|ARM.Build.0 = Release|Any CPU
		{A66D0700-97BB-4541-B317-D481B9EFD233}.AppStore|ARM.Deploy.0 = Release|Any CPU
		{A66D0700-97BB-4541-B317-D481B9EFD233}.AppStore|iPhone.ActiveCfg = Release|Any CPU
		{A66D0700-97BB-4541-B317-D481B9EFD233}.AppStore|iPhone.Build.0 = Release|Any CPU
		{A66D0700-97BB-4541-B317-D481B9EFD233}.AppStore|iPhone.Deploy.0 = Release|Any CPU
		{A66D0700-97BB-4541-B317-D481B9EFD233}.AppStore|iPhoneSimulator.ActiveCfg = Release|Any CPU
		{A66D0700-97BB-4541-B317-D481B9EFD233}.AppStore|iPhoneSimulator.Build.0 = Release|Any CPU
		{A66D0700-97BB-4541-B317-D481B9EFD233}.AppStore|iPhoneSimulator.Deploy.0 = Release|Any CPU
		{A66D0700-97BB-4541-B317-D481B9EFD233}.AppStore|x64.ActiveCfg = Release|Any CPU
		{A66D0700-97BB-4541-B317-D481B9EFD233}.AppStore|x64.Build.0 = Release|Any CPU
		{A66D0700-97BB-4541-B317-D481B9EFD233}.AppStore|x64.Deploy.0 = Release|Any CPU
		{A66D0700-97BB-4541-B317-D481B9EFD233}.AppStore|x86.ActiveCfg = Release|Any CPU
		{A66D0700-97BB-4541-B317-D481B9EFD233}.AppStore|x86.Build.0 = Release|Any CPU
		{A66D0700-97BB-4541-B317-D481B9EFD233}.AppStore|x86.Deploy.0 = Release|Any CPU
		{A66D0700-97BB-4541-B317-D481B9EFD233}.Debug|Any CPU.ActiveCfg = Debug|Any CPU
		{A66D0700-97BB-4541-B317-D481B9EFD233}.Debug|Any CPU.Build.0 = Debug|Any CPU
		{A66D0700-97BB-4541-B317-D481B9EFD233}.Debug|Any CPU.Deploy.0 = Debug|Any CPU
		{A66D0700-97BB-4541-B317-D481B9EFD233}.Debug|ARM.ActiveCfg = Debug|Any CPU
		{A66D0700-97BB-4541-B317-D481B9EFD233}.Debug|ARM.Build.0 = Debug|Any CPU
		{A66D0700-97BB-4541-B317-D481B9EFD233}.Debug|ARM.Deploy.0 = Debug|Any CPU
		{A66D0700-97BB-4541-B317-D481B9EFD233}.Debug|iPhone.ActiveCfg = Debug|Any CPU
		{A66D0700-97BB-4541-B317-D481B9EFD233}.Debug|iPhone.Build.0 = Debug|Any CPU
		{A66D0700-97BB-4541-B317-D481B9EFD233}.Debug|iPhone.Deploy.0 = Debug|Any CPU
		{A66D0700-97BB-4541-B317-D481B9EFD233}.Debug|iPhoneSimulator.ActiveCfg = Debug|Any CPU
		{A66D0700-97BB-4541-B317-D481B9EFD233}.Debug|iPhoneSimulator.Build.0 = Debug|Any CPU
		{A66D0700-97BB-4541-B317-D481B9EFD233}.Debug|iPhoneSimulator.Deploy.0 = Debug|Any CPU
		{A66D0700-97BB-4541-B317-D481B9EFD233}.Debug|x64.ActiveCfg = Debug|Any CPU
		{A66D0700-97BB-4541-B317-D481B9EFD233}.Debug|x64.Build.0 = Debug|Any CPU
		{A66D0700-97BB-4541-B317-D481B9EFD233}.Debug|x64.Deploy.0 = Debug|Any CPU
		{A66D0700-97BB-4541-B317-D481B9EFD233}.Debug|x86.ActiveCfg = Debug|Any CPU
		{A66D0700-97BB-4541-B317-D481B9EFD233}.Debug|x86.Build.0 = Debug|Any CPU
		{A66D0700-97BB-4541-B317-D481B9EFD233}.Debug|x86.Deploy.0 = Debug|Any CPU
		{A66D0700-97BB-4541-B317-D481B9EFD233}.Release|Any CPU.ActiveCfg = Release|Any CPU
		{A66D0700-97BB-4541-B317-D481B9EFD233}.Release|Any CPU.Build.0 = Release|Any CPU
		{A66D0700-97BB-4541-B317-D481B9EFD233}.Release|Any CPU.Deploy.0 = Release|Any CPU
		{A66D0700-97BB-4541-B317-D481B9EFD233}.Release|ARM.ActiveCfg = Release|Any CPU
		{A66D0700-97BB-4541-B317-D481B9EFD233}.Release|ARM.Build.0 = Release|Any CPU
		{A66D0700-97BB-4541-B317-D481B9EFD233}.Release|ARM.Deploy.0 = Release|Any CPU
		{A66D0700-97BB-4541-B317-D481B9EFD233}.Release|iPhone.ActiveCfg = Release|Any CPU
		{A66D0700-97BB-4541-B317-D481B9EFD233}.Release|iPhone.Build.0 = Release|Any CPU
		{A66D0700-97BB-4541-B317-D481B9EFD233}.Release|iPhone.Deploy.0 = Release|Any CPU
		{A66D0700-97BB-4541-B317-D481B9EFD233}.Release|iPhoneSimulator.ActiveCfg = Release|Any CPU
		{A66D0700-97BB-4541-B317-D481B9EFD233}.Release|iPhoneSimulator.Build.0 = Release|Any CPU
		{A66D0700-97BB-4541-B317-D481B9EFD233}.Release|iPhoneSimulator.Deploy.0 = Release|Any CPU
		{A66D0700-97BB-4541-B317-D481B9EFD233}.Release|x64.ActiveCfg = Release|Any CPU
		{A66D0700-97BB-4541-B317-D481B9EFD233}.Release|x64.Build.0 = Release|Any CPU
		{A66D0700-97BB-4541-B317-D481B9EFD233}.Release|x64.Deploy.0 = Release|Any CPU
		{A66D0700-97BB-4541-B317-D481B9EFD233}.Release|x86.ActiveCfg = Release|Any CPU
		{A66D0700-97BB-4541-B317-D481B9EFD233}.Release|x86.Build.0 = Release|Any CPU
		{A66D0700-97BB-4541-B317-D481B9EFD233}.Release|x86.Deploy.0 = Release|Any CPU
		{C3426058-D4E9-4411-8420-3A8952CC5956}.Ad-Hoc|Any CPU.ActiveCfg = Ad-Hoc|iPhone
		{C3426058-D4E9-4411-8420-3A8952CC5956}.Ad-Hoc|ARM.ActiveCfg = Ad-Hoc|iPhone
		{C3426058-D4E9-4411-8420-3A8952CC5956}.Ad-Hoc|iPhone.ActiveCfg = Ad-Hoc|iPhone
		{C3426058-D4E9-4411-8420-3A8952CC5956}.Ad-Hoc|iPhone.Build.0 = Ad-Hoc|iPhone
		{C3426058-D4E9-4411-8420-3A8952CC5956}.Ad-Hoc|iPhoneSimulator.ActiveCfg = Ad-Hoc|iPhoneSimulator
		{C3426058-D4E9-4411-8420-3A8952CC5956}.Ad-Hoc|iPhoneSimulator.Build.0 = Ad-Hoc|iPhoneSimulator
		{C3426058-D4E9-4411-8420-3A8952CC5956}.Ad-Hoc|x64.ActiveCfg = Ad-Hoc|iPhone
		{C3426058-D4E9-4411-8420-3A8952CC5956}.Ad-Hoc|x86.ActiveCfg = Ad-Hoc|iPhone
		{C3426058-D4E9-4411-8420-3A8952CC5956}.AppStore|Any CPU.ActiveCfg = AppStore|iPhone
		{C3426058-D4E9-4411-8420-3A8952CC5956}.AppStore|ARM.ActiveCfg = AppStore|iPhone
		{C3426058-D4E9-4411-8420-3A8952CC5956}.AppStore|iPhone.ActiveCfg = AppStore|iPhone
		{C3426058-D4E9-4411-8420-3A8952CC5956}.AppStore|iPhone.Build.0 = AppStore|iPhone
		{C3426058-D4E9-4411-8420-3A8952CC5956}.AppStore|iPhoneSimulator.ActiveCfg = AppStore|iPhoneSimulator
		{C3426058-D4E9-4411-8420-3A8952CC5956}.AppStore|iPhoneSimulator.Build.0 = AppStore|iPhoneSimulator
		{C3426058-D4E9-4411-8420-3A8952CC5956}.AppStore|x64.ActiveCfg = AppStore|iPhone
		{C3426058-D4E9-4411-8420-3A8952CC5956}.AppStore|x86.ActiveCfg = AppStore|iPhone
		{C3426058-D4E9-4411-8420-3A8952CC5956}.Debug|Any CPU.ActiveCfg = Debug|iPhone
		{C3426058-D4E9-4411-8420-3A8952CC5956}.Debug|ARM.ActiveCfg = Debug|iPhone
		{C3426058-D4E9-4411-8420-3A8952CC5956}.Debug|iPhone.ActiveCfg = Debug|iPhone
		{C3426058-D4E9-4411-8420-3A8952CC5956}.Debug|iPhone.Build.0 = Debug|iPhone
		{C3426058-D4E9-4411-8420-3A8952CC5956}.Debug|iPhoneSimulator.ActiveCfg = Debug|iPhoneSimulator
		{C3426058-D4E9-4411-8420-3A8952CC5956}.Debug|iPhoneSimulator.Build.0 = Debug|iPhoneSimulator
		{C3426058-D4E9-4411-8420-3A8952CC5956}.Debug|x64.ActiveCfg = Debug|iPhone
		{C3426058-D4E9-4411-8420-3A8952CC5956}.Debug|x86.ActiveCfg = Debug|iPhone
		{C3426058-D4E9-4411-8420-3A8952CC5956}.Release|Any CPU.ActiveCfg = Release|iPhone
		{C3426058-D4E9-4411-8420-3A8952CC5956}.Release|ARM.ActiveCfg = Release|iPhone
		{C3426058-D4E9-4411-8420-3A8952CC5956}.Release|iPhone.ActiveCfg = Release|iPhone
		{C3426058-D4E9-4411-8420-3A8952CC5956}.Release|iPhone.Build.0 = Release|iPhone
		{C3426058-D4E9-4411-8420-3A8952CC5956}.Release|iPhoneSimulator.ActiveCfg = Release|iPhoneSimulator
		{C3426058-D4E9-4411-8420-3A8952CC5956}.Release|iPhoneSimulator.Build.0 = Release|iPhoneSimulator
		{C3426058-D4E9-4411-8420-3A8952CC5956}.Release|x64.ActiveCfg = Release|iPhone
		{C3426058-D4E9-4411-8420-3A8952CC5956}.Release|x86.ActiveCfg = Release|iPhone
		{2D820A3C-DFF9-42D2-B555-204AF6F3F9D7}.Ad-Hoc|Any CPU.ActiveCfg = Release|x86
		{2D820A3C-DFF9-42D2-B555-204AF6F3F9D7}.Ad-Hoc|Any CPU.Build.0 = Release|x86
		{2D820A3C-DFF9-42D2-B555-204AF6F3F9D7}.Ad-Hoc|Any CPU.Deploy.0 = Release|x86
		{2D820A3C-DFF9-42D2-B555-204AF6F3F9D7}.Ad-Hoc|ARM.ActiveCfg = Release|ARM
		{2D820A3C-DFF9-42D2-B555-204AF6F3F9D7}.Ad-Hoc|ARM.Build.0 = Release|ARM
		{2D820A3C-DFF9-42D2-B555-204AF6F3F9D7}.Ad-Hoc|ARM.Deploy.0 = Release|ARM
		{2D820A3C-DFF9-42D2-B555-204AF6F3F9D7}.Ad-Hoc|iPhone.ActiveCfg = Release|x86
		{2D820A3C-DFF9-42D2-B555-204AF6F3F9D7}.Ad-Hoc|iPhone.Build.0 = Release|x86
		{2D820A3C-DFF9-42D2-B555-204AF6F3F9D7}.Ad-Hoc|iPhone.Deploy.0 = Release|x86
		{2D820A3C-DFF9-42D2-B555-204AF6F3F9D7}.Ad-Hoc|iPhoneSimulator.ActiveCfg = Release|x86
		{2D820A3C-DFF9-42D2-B555-204AF6F3F9D7}.Ad-Hoc|iPhoneSimulator.Build.0 = Release|x86
		{2D820A3C-DFF9-42D2-B555-204AF6F3F9D7}.Ad-Hoc|iPhoneSimulator.Deploy.0 = Release|x86
		{2D820A3C-DFF9-42D2-B555-204AF6F3F9D7}.Ad-Hoc|x64.ActiveCfg = Release|x64
		{2D820A3C-DFF9-42D2-B555-204AF6F3F9D7}.Ad-Hoc|x64.Build.0 = Release|x64
		{2D820A3C-DFF9-42D2-B555-204AF6F3F9D7}.Ad-Hoc|x64.Deploy.0 = Release|x64
		{2D820A3C-DFF9-42D2-B555-204AF6F3F9D7}.Ad-Hoc|x86.ActiveCfg = Release|x86
		{2D820A3C-DFF9-42D2-B555-204AF6F3F9D7}.Ad-Hoc|x86.Build.0 = Release|x86
		{2D820A3C-DFF9-42D2-B555-204AF6F3F9D7}.Ad-Hoc|x86.Deploy.0 = Release|x86
		{2D820A3C-DFF9-42D2-B555-204AF6F3F9D7}.AppStore|Any CPU.ActiveCfg = Release|x86
		{2D820A3C-DFF9-42D2-B555-204AF6F3F9D7}.AppStore|Any CPU.Build.0 = Release|x86
		{2D820A3C-DFF9-42D2-B555-204AF6F3F9D7}.AppStore|Any CPU.Deploy.0 = Release|x86
		{2D820A3C-DFF9-42D2-B555-204AF6F3F9D7}.AppStore|ARM.ActiveCfg = Release|ARM
		{2D820A3C-DFF9-42D2-B555-204AF6F3F9D7}.AppStore|ARM.Build.0 = Release|ARM
		{2D820A3C-DFF9-42D2-B555-204AF6F3F9D7}.AppStore|ARM.Deploy.0 = Release|ARM
		{2D820A3C-DFF9-42D2-B555-204AF6F3F9D7}.AppStore|iPhone.ActiveCfg = Release|x86
		{2D820A3C-DFF9-42D2-B555-204AF6F3F9D7}.AppStore|iPhone.Build.0 = Release|x86
		{2D820A3C-DFF9-42D2-B555-204AF6F3F9D7}.AppStore|iPhone.Deploy.0 = Release|x86
		{2D820A3C-DFF9-42D2-B555-204AF6F3F9D7}.AppStore|iPhoneSimulator.ActiveCfg = Release|x86
		{2D820A3C-DFF9-42D2-B555-204AF6F3F9D7}.AppStore|iPhoneSimulator.Build.0 = Release|x86
		{2D820A3C-DFF9-42D2-B555-204AF6F3F9D7}.AppStore|iPhoneSimulator.Deploy.0 = Release|x86
		{2D820A3C-DFF9-42D2-B555-204AF6F3F9D7}.AppStore|x64.ActiveCfg = Release|x64
		{2D820A3C-DFF9-42D2-B555-204AF6F3F9D7}.AppStore|x64.Build.0 = Release|x64
		{2D820A3C-DFF9-42D2-B555-204AF6F3F9D7}.AppStore|x64.Deploy.0 = Release|x64
		{2D820A3C-DFF9-42D2-B555-204AF6F3F9D7}.AppStore|x86.ActiveCfg = Release|x86
		{2D820A3C-DFF9-42D2-B555-204AF6F3F9D7}.AppStore|x86.Build.0 = Release|x86
		{2D820A3C-DFF9-42D2-B555-204AF6F3F9D7}.AppStore|x86.Deploy.0 = Release|x86
		{2D820A3C-DFF9-42D2-B555-204AF6F3F9D7}.Debug|Any CPU.ActiveCfg = Debug|x86
		{2D820A3C-DFF9-42D2-B555-204AF6F3F9D7}.Debug|ARM.ActiveCfg = Debug|ARM
		{2D820A3C-DFF9-42D2-B555-204AF6F3F9D7}.Debug|ARM.Build.0 = Debug|ARM
		{2D820A3C-DFF9-42D2-B555-204AF6F3F9D7}.Debug|ARM.Deploy.0 = Debug|ARM
		{2D820A3C-DFF9-42D2-B555-204AF6F3F9D7}.Debug|iPhone.ActiveCfg = Debug|x86
		{2D820A3C-DFF9-42D2-B555-204AF6F3F9D7}.Debug|iPhoneSimulator.ActiveCfg = Debug|x86
		{2D820A3C-DFF9-42D2-B555-204AF6F3F9D7}.Debug|x64.ActiveCfg = Debug|x64
		{2D820A3C-DFF9-42D2-B555-204AF6F3F9D7}.Debug|x64.Build.0 = Debug|x64
		{2D820A3C-DFF9-42D2-B555-204AF6F3F9D7}.Debug|x64.Deploy.0 = Debug|x64
		{2D820A3C-DFF9-42D2-B555-204AF6F3F9D7}.Debug|x86.ActiveCfg = Debug|x86
		{2D820A3C-DFF9-42D2-B555-204AF6F3F9D7}.Debug|x86.Build.0 = Debug|x86
		{2D820A3C-DFF9-42D2-B555-204AF6F3F9D7}.Debug|x86.Deploy.0 = Debug|x86
		{2D820A3C-DFF9-42D2-B555-204AF6F3F9D7}.Release|Any CPU.ActiveCfg = Release|x86
		{2D820A3C-DFF9-42D2-B555-204AF6F3F9D7}.Release|ARM.ActiveCfg = Release|ARM
		{2D820A3C-DFF9-42D2-B555-204AF6F3F9D7}.Release|ARM.Build.0 = Release|ARM
		{2D820A3C-DFF9-42D2-B555-204AF6F3F9D7}.Release|ARM.Deploy.0 = Release|ARM
		{2D820A3C-DFF9-42D2-B555-204AF6F3F9D7}.Release|iPhone.ActiveCfg = Release|x86
		{2D820A3C-DFF9-42D2-B555-204AF6F3F9D7}.Release|iPhoneSimulator.ActiveCfg = Release|x86
		{2D820A3C-DFF9-42D2-B555-204AF6F3F9D7}.Release|x64.ActiveCfg = Release|x64
		{2D820A3C-DFF9-42D2-B555-204AF6F3F9D7}.Release|x64.Build.0 = Release|x64
		{2D820A3C-DFF9-42D2-B555-204AF6F3F9D7}.Release|x64.Deploy.0 = Release|x64
		{2D820A3C-DFF9-42D2-B555-204AF6F3F9D7}.Release|x86.ActiveCfg = Release|x86
		{2D820A3C-DFF9-42D2-B555-204AF6F3F9D7}.Release|x86.Build.0 = Release|x86
		{2D820A3C-DFF9-42D2-B555-204AF6F3F9D7}.Release|x86.Deploy.0 = Release|x86
	EndGlobalSection
	GlobalSection(SolutionProperties) = preSolution
		HideSolutionNode = FALSE
	EndGlobalSection
	GlobalSection(ExtensibilityGlobals) = postSolution
		SolutionGuid = {458353B7-02AD-420F-AB4C-96D4D9A9B4ED}
	EndGlobalSection
	GlobalSection(SharedMSBuildProjectFiles) = preSolution
		QR2Web\QR2Web\QR2Web.projitems*{2d820a3c-dff9-42d2-b555-204af6f3f9d7}*SharedItemsImports = 4
		QR2Web\QR2Web\QR2Web.projitems*{48dc103c-5d34-4aa4-9936-504ffc87dac8}*SharedItemsImports = 13
		QR2Web\QR2Web\QR2Web.projitems*{a66d0700-97bb-4541-b317-d481b9efd233}*SharedItemsImports = 4
		QR2Web\QR2Web\QR2Web.projitems*{c3426058-d4e9-4411-8420-3a8952cc5956}*SharedItemsImports = 4
	EndGlobalSection
EndGlobal
