
Microsoft Visual Studio Solution File, Format Version 12.00
# Visual Studio Version 17
VisualStudioVersion = 17.8.34309.116
MinimumVisualStudioVersion = 10.0.40219.1
Project("{9A19103F-16F7-4668-BE54-9A1E7A4F7556}") = "qr2webmaui", "Maui\qr2webmaui.csproj", "{45C0FF11-4686-48D3-8EB4-F7CB44590F01}"
EndProject
Global
	GlobalSection(SolutionConfigurationPlatforms) = preSolution
		Debug|Any CPU = Debug|Any CPU
		Debug|x64 = Debug|x64
		Release|Any CPU = Release|Any CPU
		Release|x64 = Release|x64
	EndGlobalSection
	GlobalSection(ProjectConfigurationPlatforms) = postSolution
		{45C0FF11-4686-48D3-8EB4-F7CB44590F01}.Debug|Any CPU.ActiveCfg = Debug|Any CPU
		{45C0FF11-4686-48D3-8EB4-F7CB44590F01}.Debug|Any CPU.Build.0 = Debug|Any CPU
		{45C0FF11-4686-48D3-8EB4-F7CB44590F01}.Debug|Any CPU.Deploy.0 = Debug|Any CPU
		{45C0FF11-4686-48D3-8EB4-F7CB44590F01}.Debug|x64.ActiveCfg = Debug|x64
		{45C0FF11-4686-48D3-8EB4-F7CB44590F01}.Debug|x64.Build.0 = Debug|x64
		{45C0FF11-4686-48D3-8EB4-F7CB44590F01}.Debug|x64.Deploy.0 = Debug|x64
		{45C0FF11-4686-48D3-8EB4-F7CB44590F01}.Release|Any CPU.ActiveCfg = Release|Any CPU
		{45C0FF11-4686-48D3-8EB4-F7CB44590F01}.Release|Any CPU.Build.0 = Release|Any CPU
		{45C0FF11-4686-48D3-8EB4-F7CB44590F01}.Release|Any CPU.Deploy.0 = Release|Any CPU
		{45C0FF11-4686-48D3-8EB4-F7CB44590F01}.Release|x64.ActiveCfg = Release|x64
		{45C0FF11-4686-48D3-8EB4-F7CB44590F01}.Release|x64.Build.0 = Release|x64
		{45C0FF11-4686-48D3-8EB4-F7CB44590F01}.Release|x64.Deploy.0 = Release|x64
	EndGlobalSection
	GlobalSection(SolutionProperties) = preSolution
		HideSolutionNode = FALSE
	EndGlobalSection
	GlobalSection(ExtensibilityGlobals) = postSolution
		SolutionGuid = {BFFBE801-8551-4CF9-831E-774154521FA6}
	EndGlobalSection
EndGlobal
